
Microsoft Visual Studio Solution File, Format Version 12.00
# Visual Studio Version 16
VisualStudioVersion = 16.0.31005.135
MinimumVisualStudioVersion = 10.0.40219.1
Project("{FAE04EC0-301F-11D3-BF4B-00C04F79EFBC}") = "SecurityManager", "SecurityManager\SecurityManager.csproj", "{F6F3FA9F-5220-476C-9410-5D8DE9FE2A93}"
EndProject
Global
	GlobalSection(SolutionConfigurationPlatforms) = preSolution
		Debug|Any CPU = Debug|Any CPU
		Release|Any CPU = Release|Any CPU
	EndGlobalSection
	GlobalSection(ProjectConfigurationPlatforms) = postSolution
		{F6F3FA9F-5220-476C-9410-5D8DE9FE2A93}.Debug|Any CPU.ActiveCfg = Debug|Any CPU
		{F6F3FA9F-5220-476C-9410-5D8DE9FE2A93}.Debug|Any CPU.Build.0 = Debug|Any CPU
		{F6F3FA9F-5220-476C-9410-5D8DE9FE2A93}.Release|Any CPU.ActiveCfg = Release|Any CPU
		{F6F3FA9F-5220-476C-9410-5D8DE9FE2A93}.Release|Any CPU.Build.0 = Release|Any CPU
	EndGlobalSection
	GlobalSection(SolutionProperties) = preSolution
		HideSolutionNode = FALSE
	EndGlobalSection
	GlobalSection(ExtensibilityGlobals) = postSolution
		SolutionGuid = {AEC5F9BF-8CBC-4C5B-BCCE-CC5F973784BA}
	EndGlobalSection
EndGlobal
